schema: '2.0'
stages:
  data_cleaning:
    cmd: python src/data_cleaning.py
    deps:
    - path: data/raw/Music Info.csv
      hash: md5
      md5: e63b74919a3cdada5c804df4666391c9
      size: 14985870
    - path: src/data_cleaning.py
      hash: md5
      md5: bb6a6cf6db624d2dcc9452e818a9d0ff
      size: 2112
    outs:
    - path: data/processed/cleaned_data.csv
      hash: md5
      md5: ad73ab9b7c97fed0f3cc26fc9b24f8c6
      size: 13712182
  transform_data:
    cmd: python src/content_based_filtering.py
    deps:
    - path: data/processed/cleaned_data.csv
      hash: md5
      md5: ad73ab9b7c97fed0f3cc26fc9b24f8c6
      size: 13712182
    - path: src/content_based_filtering.py
      hash: md5
      md5: 56fb5d4bc39fc44d4d0716322b711968
      size: 6052
    - path: src/data_cleaning.py
      hash: md5
      md5: bb6a6cf6db624d2dcc9452e818a9d0ff
      size: 2112
    outs:
    - path: data/preprocessed/transformed_data.npz
      hash: md5
      md5: 7f0f6c4dfaa26361495ebb258aa0235c
      size: 4523498
    - path: models/transformer.joblib
      hash: md5
      md5: 0002f9924eb38272978bd5f803ffa595
      size: 135709
  interaction_data:
    cmd: python src/collaborative_filtering.py
    deps:
    - path: data/processed/cleaned_data.csv
      hash: md5
      md5: ad73ab9b7c97fed0f3cc26fc9b24f8c6
      size: 13712182
    - path: data/raw/User Listening History.csv
      hash: md5
      md5: 3a12e713844195171c7040c051d6d4ae
      size: 602515573
    - path: src/collaborative_filtering.py
      hash: md5
      md5: 33509eb59f66ed20896c3cbdfb0b0c26
      size: 5383
    outs:
    - path: data/preprocessed/collab_filtered_data.csv
      hash: md5
      md5: f0f182d757a9837caa7ff619cab9ffd0
      size: 8260460
    - path: data/preprocessed/sparse_matrix.npz
      hash: md5
      md5: 53f8fa1e7cec19856a6b2bc60ce8881f
      size: 32311353
    - path: data/preprocessed/track_ids.npy
      hash: md5
      md5: 4a52e4cb6bae6b0126c1344dac7c7686
      size: 640058
  transformed_filtered_data:
    cmd: python src/transform_filtered_data.py
    deps:
    - path: data/preprocessed/collab_filtered_data.csv
      hash: md5
      md5: f0f182d757a9837caa7ff619cab9ffd0
      size: 8260460
    - path: src/transform_filtered_data.py
      hash: md5
      md5: ff79f8fbfd1a6d1af183b1688230fd17
      size: 794
    outs:
    - path: data/preprocessed/transformed_hybrid_data.npz
      hash: md5
      md5: 8f37bd9aeb4ffaa293c0dc62d4364775
      size: 2977364
  hybrid_recommendation:
    cmd: python src/hybrid_recommendations.py
    deps:
    - path: data/preprocessed/sparse_matrix.npz
      hash: md5
      md5: 53f8fa1e7cec19856a6b2bc60ce8881f
      size: 32311353
    - path: data/preprocessed/track_ids.npy
      hash: md5
      md5: 4a52e4cb6bae6b0126c1344dac7c7686
      size: 640058
    - path: data/preprocessed/transformed_hybrid_data.npz
      hash: md5
      md5: 8f37bd9aeb4ffaa293c0dc62d4364775
      size: 2977364
    - path: models/transformer.joblib
      hash: md5
      md5: 0002f9924eb38272978bd5f803ffa595
      size: 135709
    - path: src/hybrid_recommendations.py
      hash: md5
      md5: 1e5981de4b20baf61e269213d52053a5
      size: 7531
    outs:
    - path: recommendations.json
      hash: md5
      md5: 59560205509599348a7e50c44d481355
      size: 5810
